
Microsoft Visual Studio Solution File, Format Version 12.00
# Visual Studio Version 17
VisualStudioVersion = 17.0.31903.59
MinimumVisualStudioVersion = 10.0.40219.1
Project("{2150E333-8FDC-42A3-9474-1A3956D46DE8}") = "Library-Metadata", "Library-Metadata", "{ABCAC3B8-AFF0-4A10-9EDA-AE0219812DF0}"
EndProject
Project("{FAE04EC0-301F-11D3-BF4B-00C04F79EFBC}") = "Metadata", "Library-Metadata\src\Metadata.csproj", "{FFF5FAAE-0748-49A4-85F4-7B09E68C79D7}"
EndProject
Project("{2150E333-8FDC-42A3-9474-1A3956D46DE8}") = "Library-Utilities", "Library-Utilities", "{5BC69942-AA57-4D3E-A61E-A51C4F5C8684}"
EndProject
Project("{FAE04EC0-301F-11D3-BF4B-00C04F79EFBC}") = "Landis.Utilities", "Library-Utilities\src\Landis.Utilities.csproj", "{9D0EA122-3F36-42B4-896D-BB916474A323}"
EndProject
Project("{2150E333-8FDC-42A3-9474-1A3956D46DE8}") = "Library-Core", "Library-Core", "{E86C2AA9-8440-418D-8249-C091B2CE2336}"
EndProject
Project("{2150E333-8FDC-42A3-9474-1A3956D46DE8}") = "src", "src", "{00E8C2E0-6E02-4D00-BEE8-2245A12C8DFB}"
EndProject
Project("{FAE04EC0-301F-11D3-BF4B-00C04F79EFBC}") = "Landis.Core", "Library-Core\src\Core\Landis.Core.csproj", "{609DE7C8-47A6-4815-AEC6-5CF5C46DE824}"
EndProject
Project("{FAE04EC0-301F-11D3-BF4B-00C04F79EFBC}") = "Landis.Core.Implementation", "Library-Core\src\Implementation\Landis.Core.Implementation.csproj", "{3526BFFD-23D1-4CBD-AF5B-9D395DDAF539}"
EndProject
Project("{2150E333-8FDC-42A3-9474-1A3956D46DE8}") = "Library-Spatial", "Library-Spatial", "{C273B014-4FE0-4787-9826-3A4DC0EC67D1}"
EndProject
Project("{2150E333-8FDC-42A3-9474-1A3956D46DE8}") = "src", "src", "{A32B7A33-796C-4CAA-A8EE-E16E2AEC229C}"
EndProject
Project("{FAE04EC0-301F-11D3-BF4B-00C04F79EFBC}") = "Landis_RasterIO", "Library-Spatial\src\RasterIO\Landis_RasterIO.csproj", "{06700B9D-A046-4E62-BF10-7F082A3A3B26}"
EndProject
Project("{FAE04EC0-301F-11D3-BF4B-00C04F79EFBC}") = "Landis_RasterIO_Gdal", "Library-Spatial\src\RasterIO.Gdal\Landis_RasterIO_Gdal.csproj", "{BB9FDA53-B8A5-45C0-AEE1-B0E7B0A30C07}"
EndProject
Project("{FAE04EC0-301F-11D3-BF4B-00C04F79EFBC}") = "Landis_SpatialModeling", "Library-Spatial\src\api\Landis_SpatialModeling.csproj", "{57B39791-26E9-4E3C-8587-85C671A1529C}"
EndProject
Project("{FAE04EC0-301F-11D3-BF4B-00C04F79EFBC}") = "Landis_Landscapes", "Library-Spatial\src\Landscapes\Landis_Landscapes.csproj", "{A19845A3-08A5-4E7C-957B-6BC343E70991}"
EndProject
Project("{2150E333-8FDC-42A3-9474-1A3956D46DE8}") = "Core-Model-v8-LINUX", "Core-Model-v8-LINUX", "{C47EBA59-E3E4-46BC-880A-7D8828D2CD6E}"
EndProject
Project("{2150E333-8FDC-42A3-9474-1A3956D46DE8}") = "Tool-Extension-Admin", "Tool-Extension-Admin", "{5593B037-0BEE-4901-8A4A-0F3F56AB4C01}"
EndProject
Project("{FAE04EC0-301F-11D3-BF4B-00C04F79EFBC}") = "Extension_Admin", "Core-Model-v8-LINUX\Tool-Extension-Admin\src\Extension_Admin.csproj", "{8B157319-0E25-4857-9302-32E94788FEEF}"
EndProject
Project("{2150E333-8FDC-42A3-9474-1A3956D46DE8}") = "Tool-Console", "Tool-Console", "{FCECFD4D-3C5D-4E3A-AC0D-267A10A7BBA6}"
EndProject
Project("{FAE04EC0-301F-11D3-BF4B-00C04F79EFBC}") = "Console", "Core-Model-v8-LINUX\Tool-Console\src\Console.csproj", "{A6048E10-DE86-40C4-A0C1-348C18A2F883}"
EndProject
Global
	GlobalSection(SolutionConfigurationPlatforms) = preSolution
		Debug|Any CPU = Debug|Any CPU
		Release|Any CPU = Release|Any CPU
	EndGlobalSection
	GlobalSection(SolutionProperties) = preSolution
		HideSolutionNode = FALSE
	EndGlobalSection
	GlobalSection(ProjectConfigurationPlatforms) = postSolution
		{FFF5FAAE-0748-49A4-85F4-7B09E68C79D7}.Debug|Any CPU.ActiveCfg = Debug|Any CPU
		{FFF5FAAE-0748-49A4-85F4-7B09E68C79D7}.Debug|Any CPU.Build.0 = Debug|Any CPU
		{FFF5FAAE-0748-49A4-85F4-7B09E68C79D7}.Release|Any CPU.ActiveCfg = Release|Any CPU
		{FFF5FAAE-0748-49A4-85F4-7B09E68C79D7}.Release|Any CPU.Build.0 = Release|Any CPU
		{9D0EA122-3F36-42B4-896D-BB916474A323}.Debug|Any CPU.ActiveCfg = Debug|Any CPU
		{9D0EA122-3F36-42B4-896D-BB916474A323}.Debug|Any CPU.Build.0 = Debug|Any CPU
		{9D0EA122-3F36-42B4-896D-BB916474A323}.Release|Any CPU.ActiveCfg = Release|Any CPU
		{9D0EA122-3F36-42B4-896D-BB916474A323}.Release|Any CPU.Build.0 = Release|Any CPU
		{609DE7C8-47A6-4815-AEC6-5CF5C46DE824}.Debug|Any CPU.ActiveCfg = Debug|Any CPU
		{609DE7C8-47A6-4815-AEC6-5CF5C46DE824}.Debug|Any CPU.Build.0 = Debug|Any CPU
		{609DE7C8-47A6-4815-AEC6-5CF5C46DE824}.Release|Any CPU.ActiveCfg = Release|Any CPU
		{609DE7C8-47A6-4815-AEC6-5CF5C46DE824}.Release|Any CPU.Build.0 = Release|Any CPU
		{3526BFFD-23D1-4CBD-AF5B-9D395DDAF539}.Debug|Any CPU.ActiveCfg = Debug|Any CPU
		{3526BFFD-23D1-4CBD-AF5B-9D395DDAF539}.Debug|Any CPU.Build.0 = Debug|Any CPU
		{3526BFFD-23D1-4CBD-AF5B-9D395DDAF539}.Release|Any CPU.ActiveCfg = Release|Any CPU
		{3526BFFD-23D1-4CBD-AF5B-9D395DDAF539}.Release|Any CPU.Build.0 = Release|Any CPU
		{06700B9D-A046-4E62-BF10-7F082A3A3B26}.Debug|Any CPU.ActiveCfg = Debug|Any CPU
		{06700B9D-A046-4E62-BF10-7F082A3A3B26}.Debug|Any CPU.Build.0 = Debug|Any CPU
		{06700B9D-A046-4E62-BF10-7F082A3A3B26}.Release|Any CPU.ActiveCfg = Release|Any CPU
		{06700B9D-A046-4E62-BF10-7F082A3A3B26}.Release|Any CPU.Build.0 = Release|Any CPU
		{BB9FDA53-B8A5-45C0-AEE1-B0E7B0A30C07}.Debug|Any CPU.ActiveCfg = Debug|Any CPU
		{BB9FDA53-B8A5-45C0-AEE1-B0E7B0A30C07}.Debug|Any CPU.Build.0 = Debug|Any CPU
		{BB9FDA53-B8A5-45C0-AEE1-B0E7B0A30C07}.Release|Any CPU.ActiveCfg = Release|Any CPU
		{BB9FDA53-B8A5-45C0-AEE1-B0E7B0A30C07}.Release|Any CPU.Build.0 = Release|Any CPU
		{57B39791-26E9-4E3C-8587-85C671A1529C}.Debug|Any CPU.ActiveCfg = Debug|Any CPU
		{57B39791-26E9-4E3C-8587-85C671A1529C}.Debug|Any CPU.Build.0 = Debug|Any CPU
		{57B39791-26E9-4E3C-8587-85C671A1529C}.Release|Any CPU.ActiveCfg = Release|Any CPU
		{57B39791-26E9-4E3C-8587-85C671A1529C}.Release|Any CPU.Build.0 = Release|Any CPU
		{A19845A3-08A5-4E7C-957B-6BC343E70991}.Debug|Any CPU.ActiveCfg = Debug|Any CPU
		{A19845A3-08A5-4E7C-957B-6BC343E70991}.Debug|Any CPU.Build.0 = Debug|Any CPU
		{A19845A3-08A5-4E7C-957B-6BC343E70991}.Release|Any CPU.ActiveCfg = Release|Any CPU
		{A19845A3-08A5-4E7C-957B-6BC343E70991}.Release|Any CPU.Build.0 = Release|Any CPU
		{8B157319-0E25-4857-9302-32E94788FEEF}.Debug|Any CPU.ActiveCfg = Debug|Any CPU
		{8B157319-0E25-4857-9302-32E94788FEEF}.Debug|Any CPU.Build.0 = Debug|Any CPU
		{8B157319-0E25-4857-9302-32E94788FEEF}.Release|Any CPU.ActiveCfg = Release|Any CPU
		{8B157319-0E25-4857-9302-32E94788FEEF}.Release|Any CPU.Build.0 = Release|Any CPU
		{A6048E10-DE86-40C4-A0C1-348C18A2F883}.Debug|Any CPU.ActiveCfg = Debug|Any CPU
		{A6048E10-DE86-40C4-A0C1-348C18A2F883}.Debug|Any CPU.Build.0 = Debug|Any CPU
		{A6048E10-DE86-40C4-A0C1-348C18A2F883}.Release|Any CPU.ActiveCfg = Release|Any CPU
		{A6048E10-DE86-40C4-A0C1-348C18A2F883}.Release|Any CPU.Build.0 = Release|Any CPU
	EndGlobalSection
	GlobalSection(NestedProjects) = preSolution
		{FFF5FAAE-0748-49A4-85F4-7B09E68C79D7} = {ABCAC3B8-AFF0-4A10-9EDA-AE0219812DF0}
		{9D0EA122-3F36-42B4-896D-BB916474A323} = {5BC69942-AA57-4D3E-A61E-A51C4F5C8684}
		{00E8C2E0-6E02-4D00-BEE8-2245A12C8DFB} = {E86C2AA9-8440-418D-8249-C091B2CE2336}
		{609DE7C8-47A6-4815-AEC6-5CF5C46DE824} = {00E8C2E0-6E02-4D00-BEE8-2245A12C8DFB}
		{3526BFFD-23D1-4CBD-AF5B-9D395DDAF539} = {00E8C2E0-6E02-4D00-BEE8-2245A12C8DFB}
		{A32B7A33-796C-4CAA-A8EE-E16E2AEC229C} = {C273B014-4FE0-4787-9826-3A4DC0EC67D1}
		{06700B9D-A046-4E62-BF10-7F082A3A3B26} = {A32B7A33-796C-4CAA-A8EE-E16E2AEC229C}
		{BB9FDA53-B8A5-45C0-AEE1-B0E7B0A30C07} = {A32B7A33-796C-4CAA-A8EE-E16E2AEC229C}
		{57B39791-26E9-4E3C-8587-85C671A1529C} = {A32B7A33-796C-4CAA-A8EE-E16E2AEC229C}
		{A19845A3-08A5-4E7C-957B-6BC343E70991} = {A32B7A33-796C-4CAA-A8EE-E16E2AEC229C}
		{5593B037-0BEE-4901-8A4A-0F3F56AB4C01} = {C47EBA59-E3E4-46BC-880A-7D8828D2CD6E}
		{8B157319-0E25-4857-9302-32E94788FEEF} = {5593B037-0BEE-4901-8A4A-0F3F56AB4C01}
		{FCECFD4D-3C5D-4E3A-AC0D-267A10A7BBA6} = {C47EBA59-E3E4-46BC-880A-7D8828D2CD6E}
		{A6048E10-DE86-40C4-A0C1-348C18A2F883} = {FCECFD4D-3C5D-4E3A-AC0D-267A10A7BBA6}
	EndGlobalSection
EndGlobal
